// !$*UTF8*$!
{
	archiveVersion = 1;
	classes = {
	};
	objectVersion = 55;
	objects = {

/* Begin PBXBuildFile section */
		9D315CD5292367560018320C /* CalculatorBrain.swift in Sources */ = {isa = PBXBuildFile; fileRef = 9D315CD4292367560018320C /* CalculatorBrain.swift */; };
		9D58CF35291E66FD00DD98FE /* AppDelegate.swift in Sources */ = {isa = PBXBuildFile; fileRef = 9D58CF34291E66FD00DD98FE /* AppDelegate.swift */; };
		9D58CF37291E66FD00DD98FE /* SceneDelegate.swift in Sources */ = {isa = PBXBuildFile; fileRef = 9D58CF36291E66FD00DD98FE /* SceneDelegate.swift */; };
		9D58CF39291E66FD00DD98FE /* ViewController.swift in Sources */ = {isa = PBXBuildFile; fileRef = 9D58CF38291E66FD00DD98FE /* ViewController.swift */; };
		9D58CF3C291E66FD00DD98FE /* Main.storyboard in Resources */ = {isa = PBXBuildFile; fileRef = 9D58CF3A291E66FD00DD98FE /* Main.storyboard */; };
		9D58CF3E291E66FF00DD98FE /* Assets.xcassets in Resources */ = {isa = PBXBuildFile; fileRef = 9D58CF3D291E66FF00DD98FE /* Assets.xcassets */; };
		9D58CF41291E66FF00DD98FE /* LaunchScreen.storyboard in Resources */ = {isa = PBXBuildFile; fileRef = 9D58CF3F291E66FF00DD98FE /* LaunchScreen.storyboard */; };
		9D58CF4D291E86CA00DD98FE /* SecondViewController.swift in Sources */ = {isa = PBXBuildFile; fileRef = 9D58CF4C291E86CA00DD98FE /* SecondViewController.swift */; };
/* End PBXBuildFile section */

/* Begin PBXFileReference section */
		9D315CD4292367560018320C /* CalculatorBrain.swift */ = {isa = PBXFileReference; lastKnownFileType = sourcecode.swift; path = CalculatorBrain.swift; sourceTree = "<group>"; };
		9D58CF31291E66FD00DD98FE /* BMIAPP.app */ = {isa = PBXFileReference; explicitFileType = wrapper.application; includeInIndex = 0; path = BMIAPP.app; sourceTree = BUILT_PRODUCTS_DIR; };
		9D58CF34291E66FD00DD98FE /* AppDelegate.swift */ = {isa = PBXFileReference; lastKnownFileType = sourcecode.swift; path = AppDelegate.swift; sourceTree = "<group>"; };
		9D58CF36291E66FD00DD98FE /* SceneDelegate.swift */ = {isa = PBXFileReference; lastKnownFileType = sourcecode.swift; path = SceneDelegate.swift; sourceTree = "<group>"; };
		9D58CF38291E66FD00DD98FE /* ViewController.swift */ = {isa = PBXFileReference; lastKnownFileType = sourcecode.swift; path = ViewController.swift; sourceTree = "<group>"; };
		9D58CF3B291E66FD00DD98FE /* Base */ = {isa = PBXFileReference; lastKnownFileType = file.storyboard; name = Base; path = Base.lproj/Main.storyboard; sourceTree = "<group>"; };
		9D58CF3D291E66FF00DD98FE /* Assets.xcassets */ = {isa = PBXFileReference; lastKnownFileType = folder.assetcatalog; path = Assets.xcassets; sourceTree = "<group>"; };
		9D58CF40291E66FF00DD98FE /* Base */ = {isa = PBXFileReference; lastKnownFileType = file.storyboard; name = Base; path = Base.lproj/LaunchScreen.storyboard; sourceTree = "<group>"; };
		9D58CF42291E66FF00DD98FE /* Info.plist */ = {isa = PBXFileReference; lastKnownFileType = text.plist.xml; path = Info.plist; sourceTree = "<group>"; };
		9D58CF4C291E86CA00DD98FE /* SecondViewController.swift */ = {isa = PBXFileReference; lastKnownFileType = sourcecode.swift; path = SecondViewController.swift; sourceTree = "<group>"; };
/* End PBXFileReference section */

/* Begin PBXFrameworksBuildPhase section */
		9D58CF2E291E66FD00DD98FE /* Frameworks */ = {
			isa = PBXFrameworksBuildPhase;
			buildActionMask = 2147483647;
			files = (
			);
			runOnlyForDeploymentPostprocessing = 0;
		};
/* End PBXFrameworksBuildPhase section */

/* Begin PBXGroup section */
		9D58CF28291E66FD00DD98FE = {
			isa = PBXGroup;
			children = (
				9D58CF33291E66FD00DD98FE /* BMIAPP */,
				9D58CF32291E66FD00DD98FE /* Products */,
			);
			sourceTree = "<group>";
		};
		9D58CF32291E66FD00DD98FE /* Products */ = {
			isa = PBXGroup;
			children = (
				9D58CF31291E66FD00DD98FE /* BMIAPP.app */,
			);
			name = Products;
			sourceTree = "<group>";
		};
		9D58CF33291E66FD00DD98FE /* BMIAPP */ = {
			isa = PBXGroup;
			children = (
				9D58CF34291E66FD00DD98FE /* AppDelegate.swift */,
				9D58CF36291E66FD00DD98FE /* SceneDelegate.swift */,
				9D58CF4B291E86AE00DD98FE /* Model */,
				9D58CF49291E869500DD98FE /* View */,
				9D58CF48291E868B00DD98FE /* Controller */,
				9D58CF3D291E66FF00DD98FE /* Assets.xcassets */,
				9D58CF3F291E66FF00DD98FE /* LaunchScreen.storyboard */,
				9D58CF42291E66FF00DD98FE /* Info.plist */,
			);
			path = BMIAPP;
			sourceTree = "<group>";
		};
		9D58CF48291E868B00DD98FE /* Controller */ = {
			isa = PBXGroup;
			children = (
				9D58CF38291E66FD00DD98FE /* ViewController.swift */,
				9D58CF4C291E86CA00DD98FE /* SecondViewController.swift */,
			);
			path = Controller;
			sourceTree = "<group>";
		};
		9D58CF49291E869500DD98FE /* View */ = {
			isa = PBXGroup;
			children = (
				9D58CF3A291E66FD00DD98FE /* Main.storyboard */,
			);
			path = View;
			sourceTree = "<group>";
		};
		9D58CF4B291E86AE00DD98FE /* Model */ = {
			isa = PBXGroup;
			children = (
				9D315CD4292367560018320C /* CalculatorBrain.swift */,
			);
			path = Model;
			sourceTree = "<group>";
		};
/* End PBXGroup section */

/* Begin PBXNativeTarget section */
		9D58CF30291E66FD00DD98FE /* BMIAPP */ = {
			isa = PBXNativeTarget;
			buildConfigurationList = 9D58CF45291E66FF00DD98FE /* Build configuration list for PBXNativeTarget "BMIAPP" */;
			buildPhases = (
				9D58CF2D291E66FD00DD98FE /* Sources */,
				9D58CF2E291E66FD00DD98FE /* Frameworks */,
				9D58CF2F291E66FD00DD98FE /* Resources */,
			);
			buildRules = (
			);
			dependencies = (
			);
			name = BMIAPP;
			productName = BMIAPP;
			productReference = 9D58CF31291E66FD00DD98FE /* BMIAPP.app */;
			productType = "com.apple.product-type.application";
		};
/* End PBXNativeTarget section */

/* Begin PBXProject section */
		9D58CF29291E66FD00DD98FE /* Project object */ = {
			isa = PBXProject;
			attributes = {
				BuildIndependentTargetsInParallel = 1;
				LastSwiftUpdateCheck = 1320;
				LastUpgradeCheck = 1320;
				TargetAttributes = {
					9D58CF30291E66FD00DD98FE = {
						CreatedOnToolsVersion = 13.2;
					};
				};
			};
			buildConfigurationList = 9D58CF2C291E66FD00DD98FE /* Build configuration list for PBXProject "BMIAPP" */;
			compatibilityVersion = "Xcode 13.0";
			developmentRegion = en;
			hasScannedForEncodings = 0;
			knownRegions = (
				en,
				Base,
			);
			mainGroup = 9D58CF28291E66FD00DD98FE;
			productRefGroup = 9D58CF32291E66FD00DD98FE /* Products */;
			projectDirPath = "";
			projectRoot = "";
			targets = (
				9D58CF30291E66FD00DD98FE /* BMIAPP */,
			);
		};
/* End PBXProject section */

/* Begin PBXResourcesBuildPhase section */
		9D58CF2F291E66FD00DD98FE /* Resources */ = {
			isa = PBXResourcesBuildPhase;
			buildActionMask = 2147483647;
			files = (
				9D58CF41291E66FF00DD98FE /* LaunchScreen.storyboard in Resources */,
				9D58CF3E291E66FF00DD98FE /* Assets.xcassets in Resources */,
				9D58CF3C291E66FD00DD98FE /* Main.storyboard in Resources */,
			);
			runOnlyForDeploymentPostprocessing = 0;
		};
/* End PBXResourcesBuildPhase section */

/* Begin PBXSourcesBuildPhase section */
		9D58CF2D291E66FD00DD98FE /* Sources */ = {
			isa = PBXSourcesBuildPhase;
			buildActionMask = 2147483647;
			files = (
				9D58CF4D291E86CA00DD98FE /* SecondViewController.swift in Sources */,
				9D58CF39291E66FD00DD98FE /* ViewController.swift in Sources */,
				9D58CF35291E66FD00DD98FE /* AppDelegate.swift in Sources */,
				9D315CD5292367560018320C /* CalculatorBrain.swift in Sources */,
				9D58CF37291E66FD00DD98FE /* SceneDelegate.swift in Sources */,
			);
			runOnlyForDeploymentPostprocessing = 0;
		};
/* End PBXSourcesBuildPhase section */

/* Begin PBXVariantGroup section */
		9D58CF3A291E66FD00DD98FE /* Main.storyboard */ = {
			isa = PBXVariantGroup;
			children = (
				9D58CF3B291E66FD00DD98FE /* Base */,
			);
			name = Main.storyboard;
			sourceTree = "<group>";
		};
		9D58CF3F291E66FF00DD98FE /* LaunchScreen.storyboard */ = {
			isa = PBXVariantGroup;
			children = (
				9D58CF40291E66FF00DD98FE /* Base */,
			);
			name = LaunchScreen.storyboard;
			sourceTree = "<group>";
		};
/* End PBXVariantGroup section */

/* Begin XCBuildConfiguration section */
		9D58CF43291E66FF00DD98FE /* Debug */ = {
			isa = XCBuildConfiguration;
			buildSettings = {
				ALWAYS_SEARCH_USER_PATHS = NO;
				CLANG_ANALYZER_NONNULL = YES;
				CLANG_ANALYZER_NUMBER_OBJECT_CONVERSION = YES_AGGRESSIVE;
				CLANG_CXX_LANGUAGE_STANDARD = "gnu++17";
				CLANG_CXX_LIBRARY = "libc++";
				CLANG_ENABLE_MODULES = YES;
				CLANG_ENABLE_OBJC_ARC = YES;
				CLANG_ENABLE_OBJC_WEAK = YES;
				CLANG_WARN_BLOCK_CAPTURE_AUTORELEASING = YES;
				CLANG_WARN_BOOL_CONVERSION = YES;
				CLANG_WARN_COMMA = YES;
				CLANG_WARN_CONSTANT_CONVERSION = YES;
				CLANG_WARN_DEPRECATED_OBJC_IMPLEMENTATIONS = YES;
				CLANG_WARN_DIRECT_OBJC_ISA_USAGE = YES_ERROR;
				CLANG_WARN_DOCUMENTATION_COMMENTS = YES;
				CLANG_WARN_EMPTY_BODY = YES;
				CLANG_WARN_ENUM_CONVERSION = YES;
				CLANG_WARN_INFINITE_RECURSION = YES;
				CLANG_WARN_INT_CONVERSION = YES;
				CLANG_WARN_NON_LITERAL_NULL_CONVERSION = YES;
				CLANG_WARN_OBJC_IMPLICIT_RETAIN_SELF = YES;
				CLANG_WARN_OBJC_LITERAL_CONVERSION = YES;
				CLANG_WARN_OBJC_ROOT_CLASS = YES_ERROR;
				CLANG_WARN_QUOTED_INCLUDE_IN_FRAMEWORK_HEADER = YES;
				CLANG_WARN_RANGE_LOOP_ANALYSIS = YES;
				CLANG_WARN_STRICT_PROTOTYPES = YES;
				CLANG_WARN_SUSPICIOUS_MOVE = YES;
				CLANG_WARN_UNGUARDED_AVAILABILITY = YES_AGGRESSIVE;
				CLANG_WARN_UNREACHABLE_CODE = YES;
				CLANG_WARN__DUPLICATE_METHOD_MATCH = YES;
				COPY_PHASE_STRIP = NO;
				DEBUG_INFORMATION_FORMAT = dwarf;
				ENABLE_STRICT_OBJC_MSGSEND = YES;
				ENABLE_TESTABILITY = YES;
				GCC_C_LANGUAGE_STANDARD = gnu11;
				GCC_DYNAMIC_NO_PIC = NO;
				GCC_NO_COMMON_BLOCKS = YES;
				GCC_OPTIMIZATION_LEVEL = 0;
				GCC_PREPROCESSOR_DEFINITIONS = (
					"DEBUG=1",
					"$(inherited)",
				);
				GCC_WARN_64_TO_32_BIT_CONVERSION = YES;
				GCC_WARN_ABOUT_RETURN_TYPE = YES_ERROR;
				GCC_WARN_UNDECLARED_SELECTOR = YES;
				GCC_WARN_UNINITIALIZED_AUTOS = YES_AGGRESSIVE;
				GCC_WARN_UNUSED_FUNCTION = YES;
				GCC_WARN_UNUSED_VARIABLE = YES;
				IPHONEOS_DEPLOYMENT_TARGET = 15.2;
				MTL_ENABLE_DEBUG_INFO = INCLUDE_SOURCE;
				MTL_FAST_MATH = YES;
				ONLY_ACTIVE_ARCH = YES;
				SDKROOT = iphoneos;
				SWIFT_ACTIVE_COMPILATION_CONDITIONS = DEBUG;
				SWIFT_OPTIMIZATION_LEVEL = "-Onone";
			};
			name = Debug;
		};
		9D58CF44291E66FF00DD98FE /* Release */ = {
			isa = XCBuildConfiguration;
			buildSettings = {
				ALWAYS_SEARCH_USER_PATHS = NO;
				CLANG_ANALYZER_NONNULL = YES;
				CLANG_ANALYZER_NUMBER_OBJECT_CONVERSION = YES_AGGRESSIVE;
				CLANG_CXX_LANGUAGE_STANDARD = "gnu++17";
				CLANG_CXX_LIBRARY = "libc++";
				CLANG_ENABLE_MODULES = YES;
				CLANG_ENABLE_OBJC_ARC = YES;
				CLANG_ENABLE_OBJC_WEAK = YES;
				CLANG_WARN_BLOCK_CAPTURE_AUTORELEASING = YES;
				CLANG_WARN_BOOL_CONVERSION = YES;
				CLANG_WARN_COMMA = YES;
				CLANG_WARN_CONSTANT_CONVERSION = YES;
				CLANG_WARN_DEPRECATED_OBJC_IMPLEMENTATIONS = YES;
				CLANG_WARN_DIRECT_OBJC_ISA_USAGE = YES_ERROR;
				CLANG_WARN_DOCUMENTATION_COMMENTS = YES;
				CLANG_WARN_EMPTY_BODY = YES;
				CLANG_WARN_ENUM_CONVERSION = YES;
				CLANG_WARN_INFINITE_RECURSION = YES;
				CLANG_WARN_INT_CONVERSION = YES;
				CLANG_WARN_NON_LITERAL_NULL_CONVERSION = YES;
				CLANG_WARN_OBJC_IMPLICIT_RETAIN_SELF = YES;
				CLANG_WARN_OBJC_LITERAL_CONVERSION = YES;
				CLANG_WARN_OBJC_ROOT_CLASS = YES_ERROR;
				CLANG_WARN_QUOTED_INCLUDE_IN_FRAMEWORK_HEADER = YES;
				CLANG_WARN_RANGE_LOOP_ANALYSIS = YES;
				CLANG_WARN_STRICT_PROTOTYPES = YES;
				CLANG_WARN_SUSPICIOUS_MOVE = YES;
				CLANG_WARN_UNGUARDED_AVAILABILITY = YES_AGGRESSIVE;
				CLANG_WARN_UNREACHABLE_CODE = YES;
				CLANG_WARN__DUPLICATE_METHOD_MATCH = YES;
				COPY_PHASE_STRIP = NO;
				DEBUG_INFORMATION_FORMAT = "dwarf-with-dsym";
				ENABLE_NS_ASSERTIONS = NO;
				ENABLE_STRICT_OBJC_MSGSEND = YES;
				GCC_C_LANGUAGE_STANDARD = gnu11;
				GCC_NO_COMMON_BLOCKS = YES;
				GCC_WARN_64_TO_32_BIT_CONVERSION = YES;
				GCC_WARN_ABOUT_RETURN_TYPE = YES_ERROR;
				GCC_WARN_UNDECLARED_SELECTOR = YES;
				GCC_WARN_UNINITIALIZED_AUTOS = YES_AGGRESSIVE;
				GCC_WARN_UNUSED_FUNCTION = YES;
				GCC_WARN_UNUSED_VARIABLE = YES;
				IPHONEOS_DEPLOYMENT_TARGET = 15.2;
				MTL_ENABLE_DEBUG_INFO = NO;
				MTL_FAST_MATH = YES;
				SDKROOT = iphoneos;
				SWIFT_COMPILATION_MODE = wholemodule;
				SWIFT_OPTIMIZATION_LEVEL = "-O";
				VALIDATE_PRODUCT = YES;
			};
			name = Release;
		};
		9D58CF46291E66FF00DD98FE /* Debug */ = {
			isa = XCBuildConfiguration;
			buildSettings = {
				ASSETCATALOG_COMPILER_APPICON_NAME = AppIcon;
				ASSETCATALOG_COMPILER_GLOBAL_ACCENT_COLOR_NAME = AccentColor;
				CODE_SIGN_STYLE = Automatic;
				CURRENT_PROJECT_VERSION = 1;
				GENERATE_INFOPLIST_FILE = YES;
				INFOPLIST_FILE = BMIAPP/Info.plist;
				INFOPLIST_KEY_UIApplicationSupportsIndirectInputEvents = YES;
				INFOPLIST_KEY_UILaunchStoryboardName = LaunchScreen;
				INFOPLIST_KEY_UIMainStoryboardFile = Main;
				INFOPLIST_KEY_UISupportedInterfaceOrientations_iPad = "UIInterfaceOrientationPortrait UIInterfaceOrientationPortraitUpsideDown UIInterfaceOrientationLandscapeLeft UIInterfaceOrientationLandscapeRight";
				INFOPLIST_KEY_UISupportedInterfaceOrientations_iPhone = "UIInterfaceOrientationPortrait UIInterfaceOrientationLandscapeLeft UIInterfaceOrientationLandscapeRight";
				LD_RUNPATH_SEARCH_PATHS = (
					"$(inherited)",
					"@executable_path/Frameworks",
				);
				MARKETING_VERSION = 1.0;
				PRODUCT_BUNDLE_IDENTIFIER = com.kdrama.BMIAPP;
				PRODUCT_NAME = "$(TARGET_NAME)";
				SWIFT_EMIT_LOC_STRINGS = YES;
				SWIFT_VERSION = 5.0;
				TARGETED_DEVICE_FAMILY = "1,2";
			};
			name = Debug;
		};
		9D58CF47291E66FF00DD98FE /* Release */ = {
			isa = XCBuildConfiguration;
			buildSettings = {
				ASSETCATALOG_COMPILER_APPICON_NAME = AppIcon;
				ASSETCATALOG_COMPILER_GLOBAL_ACCENT_COLOR_NAME = AccentColor;
				CODE_SIGN_STYLE = Automatic;
				CURRENT_PROJECT_VERSION = 1;
				GENERATE_INFOPLIST_FILE = YES;
				INFOPLIST_FILE = BMIAPP/Info.plist;
				INFOPLIST_KEY_UIApplicationSupportsIndirectInputEvents = YES;
				INFOPLIST_KEY_UILaunchStoryboardName = LaunchScreen;
				INFOPLIST_KEY_UIMainStoryboardFile = Main;
				INFOPLIST_KEY_UISupportedInterfaceOrientations_iPad = "UIInterfaceOrientationPortrait UIInterfaceOrientationPortraitUpsideDown UIInterfaceOrientationLandscapeLeft UIInterfaceOrientationLandscapeRight";
				INFOPLIST_KEY_UISupportedInterfaceOrientations_iPhone = "UIInterfaceOrientationPortrait UIInterfaceOrientationLandscapeLeft UIInterfaceOrientationLandscapeRight";
				LD_RUNPATH_SEARCH_PATHS = (
					"$(inherited)",
					"@executable_path/Frameworks",
				);
				MARKETING_VERSION = 1.0;
				PRODUCT_BUNDLE_IDENTIFIER = com.kdrama.BMIAPP;
				PRODUCT_NAME = "$(TARGET_NAME)";
				SWIFT_EMIT_LOC_STRINGS = YES;
				SWIFT_VERSION = 5.0;
				TARGETED_DEVICE_FAMILY = "1,2";
			};
			name = Release;
		};
/* End XCBuildConfiguration section */

/* Begin XCConfigurationList section */
		9D58CF2C291E66FD00DD98FE /* Build configuration list for PBXProject "BMIAPP" */ = {
			isa = XCConfigurationList;
			buildConfigurations = (
				9D58CF43291E66FF00DD98FE /* Debug */,
				9D58CF44291E66FF00DD98FE /* Release */,
			);
			defaultConfigurationIsVisible = 0;
			defaultConfigurationName = Release;
		};
		9D58CF45291E66FF00DD98FE /* Build configuration list for PBXNativeTarget "BMIAPP" */ = {
			isa = XCConfigurationList;
			buildConfigurations = (
				9D58CF46291E66FF00DD98FE /* Debug */,
				9D58CF47291E66FF00DD98FE /* Release */,
			);
			defaultConfigurationIsVisible = 0;
			defaultConfigurationName = Release;
		};
/* End XCConfigurationList section */
	};
	rootObject = 9D58CF29291E66FD00DD98FE /* Project object */;
}
