// !$*UTF8*$!
{
	archiveVersion = 1;
	classes = {
	};
	objectVersion = 50;
	objects = {

/* Begin PBXBuildFile section */
		9D28BFD828CF823100E81978 /* cartItem.swift in Sources */ = {isa = PBXBuildFile; fileRef = 9D28BFD728CF823100E81978 /* cartItem.swift */; };
		9DDEC9EF24D20982007A37CE /* AppDelegate.swift in Sources */ = {isa = PBXBuildFile; fileRef = 9DDEC9EE24D20982007A37CE /* AppDelegate.swift */; };
		9DDEC9F124D20982007A37CE /* SceneDelegate.swift in Sources */ = {isa = PBXBuildFile; fileRef = 9DDEC9F024D20982007A37CE /* SceneDelegate.swift */; };
		9DDEC9F324D20982007A37CE /* ViewController.swift in Sources */ = {isa = PBXBuildFile; fileRef = 9DDEC9F224D20982007A37CE /* ViewController.swift */; };
		9DDEC9F624D20982007A37CE /* Main.storyboard in Resources */ = {isa = PBXBuildFile; fileRef = 9DDEC9F424D20982007A37CE /* Main.storyboard */; };
		9DDEC9F824D20984007A37CE /* Assets.xcassets in Resources */ = {isa = PBXBuildFile; fileRef = 9DDEC9F724D20984007A37CE /* Assets.xcassets */; };
		9DDEC9FB24D20984007A37CE /* LaunchScreen.storyboard in Resources */ = {isa = PBXBuildFile; fileRef = 9DDEC9F924D20984007A37CE /* LaunchScreen.storyboard */; };
		9DDECA0324D20B3D007A37CE /* MobileCollectionViewCell.swift in Sources */ = {isa = PBXBuildFile; fileRef = 9DDECA0224D20B3D007A37CE /* MobileCollectionViewCell.swift */; };
		9DDECA0524D219B7007A37CE /* Mobile.swift in Sources */ = {isa = PBXBuildFile; fileRef = 9DDECA0424D219B7007A37CE /* Mobile.swift */; };
/* End PBXBuildFile section */

/* Begin PBXFileReference section */
		9D28BFD728CF823100E81978 /* cartItem.swift */ = {isa = PBXFileReference; lastKnownFileType = sourcecode.swift; path = cartItem.swift; sourceTree = "<group>"; };
		9DDEC9EB24D20981007A37CE /* collectionview.app */ = {isa = PBXFileReference; explicitFileType = wrapper.application; includeInIndex = 0; path = collectionview.app; sourceTree = BUILT_PRODUCTS_DIR; };
		9DDEC9EE24D20982007A37CE /* AppDelegate.swift */ = {isa = PBXFileReference; lastKnownFileType = sourcecode.swift; path = AppDelegate.swift; sourceTree = "<group>"; };
		9DDEC9F024D20982007A37CE /* SceneDelegate.swift */ = {isa = PBXFileReference; lastKnownFileType = sourcecode.swift; path = SceneDelegate.swift; sourceTree = "<group>"; };
		9DDEC9F224D20982007A37CE /* ViewController.swift */ = {isa = PBXFileReference; lastKnownFileType = sourcecode.swift; path = ViewController.swift; sourceTree = "<group>"; };
		9DDEC9F524D20982007A37CE /* Base */ = {isa = PBXFileReference; lastKnownFileType = file.storyboard; name = Base; path = Base.lproj/Main.storyboard; sourceTree = "<group>"; };
		9DDEC9F724D20984007A37CE /* Assets.xcassets */ = {isa = PBXFileReference; lastKnownFileType = folder.assetcatalog; path = Assets.xcassets; sourceTree = "<group>"; };
		9DDEC9FA24D20984007A37CE /* Base */ = {isa = PBXFileReference; lastKnownFileType = file.storyboard; name = Base; path = Base.lproj/LaunchScreen.storyboard; sourceTree = "<group>"; };
		9DDEC9FC24D20984007A37CE /* Info.plist */ = {isa = PBXFileReference; lastKnownFileType = text.plist.xml; path = Info.plist; sourceTree = "<group>"; };
		9DDECA0224D20B3D007A37CE /* MobileCollectionViewCell.swift */ = {isa = PBXFileReference; lastKnownFileType = sourcecode.swift; path = MobileCollectionViewCell.swift; sourceTree = "<group>"; };
		9DDECA0424D219B7007A37CE /* Mobile.swift */ = {isa = PBXFileReference; lastKnownFileType = sourcecode.swift; path = Mobile.swift; sourceTree = "<group>"; };
/* End PBXFileReference section */

/* Begin PBXFrameworksBuildPhase section */
		9DDEC9E824D20981007A37CE /* Frameworks */ = {
			isa = PBXFrameworksBuildPhase;
			buildActionMask = 2147483647;
			files = (
			);
			runOnlyForDeploymentPostprocessing = 0;
		};
/* End PBXFrameworksBuildPhase section */

/* Begin PBXGroup section */
		9DDEC9E224D20981007A37CE = {
			isa = PBXGroup;
			children = (
				9DDEC9ED24D20981007A37CE /* collectionview */,
				9DDEC9EC24D20981007A37CE /* Products */,
			);
			sourceTree = "<group>";
		};
		9DDEC9EC24D20981007A37CE /* Products */ = {
			isa = PBXGroup;
			children = (
				9DDEC9EB24D20981007A37CE /* collectionview.app */,
			);
			name = Products;
			sourceTree = "<group>";
		};
		9DDEC9ED24D20981007A37CE /* collectionview */ = {
			isa = PBXGroup;
			children = (
				9DDEC9EE24D20982007A37CE /* AppDelegate.swift */,
				9DDEC9F024D20982007A37CE /* SceneDelegate.swift */,
				9DDEC9F224D20982007A37CE /* ViewController.swift */,
				9D28BFD728CF823100E81978 /* cartItem.swift */,
				9DDEC9F424D20982007A37CE /* Main.storyboard */,
				9DDEC9F724D20984007A37CE /* Assets.xcassets */,
				9DDEC9F924D20984007A37CE /* LaunchScreen.storyboard */,
				9DDEC9FC24D20984007A37CE /* Info.plist */,
				9DDECA0224D20B3D007A37CE /* MobileCollectionViewCell.swift */,
				9DDECA0424D219B7007A37CE /* Mobile.swift */,
			);
			path = collectionview;
			sourceTree = "<group>";
		};
/* End PBXGroup section */

/* Begin PBXNativeTarget section */
		9DDEC9EA24D20981007A37CE /* collectionview */ = {
			isa = PBXNativeTarget;
			buildConfigurationList = 9DDEC9FF24D20984007A37CE /* Build configuration list for PBXNativeTarget "collectionview" */;
			buildPhases = (
				9DDEC9E724D20981007A37CE /* Sources */,
				9DDEC9E824D20981007A37CE /* Frameworks */,
				9DDEC9E924D20981007A37CE /* Resources */,
			);
			buildRules = (
			);
			dependencies = (
			);
			name = collectionview;
			productName = collectionview;
			productReference = 9DDEC9EB24D20981007A37CE /* collectionview.app */;
			productType = "com.apple.product-type.application";
		};
/* End PBXNativeTarget section */

/* Begin PBXProject section */
		9DDEC9E324D20981007A37CE /* Project object */ = {
			isa = PBXProject;
			attributes = {
				LastSwiftUpdateCheck = 1130;
				LastUpgradeCheck = 1130;
				ORGANIZATIONNAME = pooja;
				TargetAttributes = {
					9DDEC9EA24D20981007A37CE = {
						CreatedOnToolsVersion = 11.3.1;
					};
				};
			};
			buildConfigurationList = 9DDEC9E624D20981007A37CE /* Build configuration list for PBXProject "collectionview" */;
			compatibilityVersion = "Xcode 9.3";
			developmentRegion = en;
			hasScannedForEncodings = 0;
			knownRegions = (
				en,
				Base,
			);
			mainGroup = 9DDEC9E224D20981007A37CE;
			productRefGroup = 9DDEC9EC24D20981007A37CE /* Products */;
			projectDirPath = "";
			projectRoot = "";
			targets = (
				9DDEC9EA24D20981007A37CE /* collectionview */,
			);
		};
/* End PBXProject section */

/* Begin PBXResourcesBuildPhase section */
		9DDEC9E924D20981007A37CE /* Resources */ = {
			isa = PBXResourcesBuildPhase;
			buildActionMask = 2147483647;
			files = (
				9DDEC9FB24D20984007A37CE /* LaunchScreen.storyboard in Resources */,
				9DDEC9F824D20984007A37CE /* Assets.xcassets in Resources */,
				9DDEC9F624D20982007A37CE /* Main.storyboard in Resources */,
			);
			runOnlyForDeploymentPostprocessing = 0;
		};
/* End PBXResourcesBuildPhase section */

/* Begin PBXSourcesBuildPhase section */
		9DDEC9E724D20981007A37CE /* Sources */ = {
			isa = PBXSourcesBuildPhase;
			buildActionMask = 2147483647;
			files = (
				9D28BFD828CF823100E81978 /* cartItem.swift in Sources */,
				9DDECA0524D219B7007A37CE /* Mobile.swift in Sources */,
				9DDECA0324D20B3D007A37CE /* MobileCollectionViewCell.swift in Sources */,
				9DDEC9F324D20982007A37CE /* ViewController.swift in Sources */,
				9DDEC9EF24D20982007A37CE /* AppDelegate.swift in Sources */,
				9DDEC9F124D20982007A37CE /* SceneDelegate.swift in Sources */,
			);
			runOnlyForDeploymentPostprocessing = 0;
		};
/* End PBXSourcesBuildPhase section */

/* Begin PBXVariantGroup section */
		9DDEC9F424D20982007A37CE /* Main.storyboard */ = {
			isa = PBXVariantGroup;
			children = (
				9DDEC9F524D20982007A37CE /* Base */,
			);
			name = Main.storyboard;
			sourceTree = "<group>";
		};
		9DDEC9F924D20984007A37CE /* LaunchScreen.storyboard */ = {
			isa = PBXVariantGroup;
			children = (
				9DDEC9FA24D20984007A37CE /* Base */,
			);
			name = LaunchScreen.storyboard;
			sourceTree = "<group>";
		};
/* End PBXVariantGroup section */

/* Begin XCBuildConfiguration section */
		9DDEC9FD24D20984007A37CE /* Debug */ = {
			isa = XCBuildConfiguration;
			buildSettings = {
				ALWAYS_SEARCH_USER_PATHS = NO;
				CLANG_ANALYZER_NONNULL = YES;
				CLANG_ANALYZER_NUMBER_OBJECT_CONVERSION = YES_AGGRESSIVE;
				CLANG_CXX_LANGUAGE_STANDARD = "gnu++14";
				CLANG_CXX_LIBRARY = "libc++";
				CLANG_ENABLE_MODULES = YES;
				CLANG_ENABLE_OBJC_ARC = YES;
				CLANG_ENABLE_OBJC_WEAK = YES;
				CLANG_WARN_BLOCK_CAPTURE_AUTORELEASING = YES;
				CLANG_WARN_BOOL_CONVERSION = YES;
				CLANG_WARN_COMMA = YES;
				CLANG_WARN_CONSTANT_CONVERSION = YES;
				CLANG_WARN_DEPRECATED_OBJC_IMPLEMENTATIONS = YES;
				CLANG_WARN_DIRECT_OBJC_ISA_USAGE = YES_ERROR;
				CLANG_WARN_DOCUMENTATION_COMMENTS = YES;
				CLANG_WARN_EMPTY_BODY = YES;
				CLANG_WARN_ENUM_CONVERSION = YES;
				CLANG_WARN_INFINITE_RECURSION = YES;
				CLANG_WARN_INT_CONVERSION = YES;
				CLANG_WARN_NON_LITERAL_NULL_CONVERSION = YES;
				CLANG_WARN_OBJC_IMPLICIT_RETAIN_SELF = YES;
				CLANG_WARN_OBJC_LITERAL_CONVERSION = YES;
				CLANG_WARN_OBJC_ROOT_CLASS = YES_ERROR;
				CLANG_WARN_RANGE_LOOP_ANALYSIS = YES;
				CLANG_WARN_STRICT_PROTOTYPES = YES;
				CLANG_WARN_SUSPICIOUS_MOVE = YES;
				CLANG_WARN_UNGUARDED_AVAILABILITY = YES_AGGRESSIVE;
				CLANG_WARN_UNREACHABLE_CODE = YES;
				CLANG_WARN__DUPLICATE_METHOD_MATCH = YES;
				COPY_PHASE_STRIP = NO;
				DEBUG_INFORMATION_FORMAT = dwarf;
				ENABLE_STRICT_OBJC_MSGSEND = YES;
				ENABLE_TESTABILITY = YES;
				GCC_C_LANGUAGE_STANDARD = gnu11;
				GCC_DYNAMIC_NO_PIC = NO;
				GCC_NO_COMMON_BLOCKS = YES;
				GCC_OPTIMIZATION_LEVEL = 0;
				GCC_PREPROCESSOR_DEFINITIONS = (
					"DEBUG=1",
					"$(inherited)",
				);
				GCC_WARN_64_TO_32_BIT_CONVERSION = YES;
				GCC_WARN_ABOUT_RETURN_TYPE = YES_ERROR;
				GCC_WARN_UNDECLARED_SELECTOR = YES;
				GCC_WARN_UNINITIALIZED_AUTOS = YES_AGGRESSIVE;
				GCC_WARN_UNUSED_FUNCTION = YES;
				GCC_WARN_UNUSED_VARIABLE = YES;
				IPHONEOS_DEPLOYMENT_TARGET = 13.2;
				MTL_ENABLE_DEBUG_INFO = INCLUDE_SOURCE;
				MTL_FAST_MATH = YES;
				ONLY_ACTIVE_ARCH = YES;
				SDKROOT = iphoneos;
				SWIFT_ACTIVE_COMPILATION_CONDITIONS = DEBUG;
				SWIFT_OPTIMIZATION_LEVEL = "-Onone";
			};
			name = Debug;
		};
		9DDEC9FE24D20984007A37CE /* Release */ = {
			isa = XCBuildConfiguration;
			buildSettings = {
				ALWAYS_SEARCH_USER_PATHS = NO;
				CLANG_ANALYZER_NONNULL = YES;
				CLANG_ANALYZER_NUMBER_OBJECT_CONVERSION = YES_AGGRESSIVE;
				CLANG_CXX_LANGUAGE_STANDARD = "gnu++14";
				CLANG_CXX_LIBRARY = "libc++";
				CLANG_ENABLE_MODULES = YES;
				CLANG_ENABLE_OBJC_ARC = YES;
				CLANG_ENABLE_OBJC_WEAK = YES;
				CLANG_WARN_BLOCK_CAPTURE_AUTORELEASING = YES;
				CLANG_WARN_BOOL_CONVERSION = YES;
				CLANG_WARN_COMMA = YES;
				CLANG_WARN_CONSTANT_CONVERSION = YES;
				CLANG_WARN_DEPRECATED_OBJC_IMPLEMENTATIONS = YES;
				CLANG_WARN_DIRECT_OBJC_ISA_USAGE = YES_ERROR;
				CLANG_WARN_DOCUMENTATION_COMMENTS = YES;
				CLANG_WARN_EMPTY_BODY = YES;
				CLANG_WARN_ENUM_CONVERSION = YES;
				CLANG_WARN_INFINITE_RECURSION = YES;
				CLANG_WARN_INT_CONVERSION = YES;
				CLANG_WARN_NON_LITERAL_NULL_CONVERSION = YES;
				CLANG_WARN_OBJC_IMPLICIT_RETAIN_SELF = YES;
				CLANG_WARN_OBJC_LITERAL_CONVERSION = YES;
				CLANG_WARN_OBJC_ROOT_CLASS = YES_ERROR;
				CLANG_WARN_RANGE_LOOP_ANALYSIS = YES;
				CLANG_WARN_STRICT_PROTOTYPES = YES;
				CLANG_WARN_SUSPICIOUS_MOVE = YES;
				CLANG_WARN_UNGUARDED_AVAILABILITY = YES_AGGRESSIVE;
				CLANG_WARN_UNREACHABLE_CODE = YES;
				CLANG_WARN__DUPLICATE_METHOD_MATCH = YES;
				COPY_PHASE_STRIP = NO;
				DEBUG_INFORMATION_FORMAT = "dwarf-with-dsym";
				ENABLE_NS_ASSERTIONS = NO;
				ENABLE_STRICT_OBJC_MSGSEND = YES;
				GCC_C_LANGUAGE_STANDARD = gnu11;
				GCC_NO_COMMON_BLOCKS = YES;
				GCC_WARN_64_TO_32_BIT_CONVERSION = YES;
				GCC_WARN_ABOUT_RETURN_TYPE = YES_ERROR;
				GCC_WARN_UNDECLARED_SELECTOR = YES;
				GCC_WARN_UNINITIALIZED_AUTOS = YES_AGGRESSIVE;
				GCC_WARN_UNUSED_FUNCTION = YES;
				GCC_WARN_UNUSED_VARIABLE = YES;
				IPHONEOS_DEPLOYMENT_TARGET = 13.2;
				MTL_ENABLE_DEBUG_INFO = NO;
				MTL_FAST_MATH = YES;
				SDKROOT = iphoneos;
				SWIFT_COMPILATION_MODE = wholemodule;
				SWIFT_OPTIMIZATION_LEVEL = "-O";
				VALIDATE_PRODUCT = YES;
			};
			name = Release;
		};
		9DDECA0024D20984007A37CE /* Debug */ = {
			isa = XCBuildConfiguration;
			buildSettings = {
				ASSETCATALOG_COMPILER_APPICON_NAME = AppIcon;
				CODE_SIGN_STYLE = Automatic;
				INFOPLIST_FILE = collectionview/Info.plist;
				LD_RUNPATH_SEARCH_PATHS = (
					"$(inherited)",
					"@executable_path/Frameworks",
				);
				PRODUCT_BUNDLE_IDENTIFIER = com.pooja.ibm.collectionview;
				PRODUCT_NAME = "$(TARGET_NAME)";
				SWIFT_VERSION = 5.0;
				TARGETED_DEVICE_FAMILY = "1,2";
			};
			name = Debug;
		};
		9DDECA0124D20984007A37CE /* Release */ = {
			isa = XCBuildConfiguration;
			buildSettings = {
				ASSETCATALOG_COMPILER_APPICON_NAME = AppIcon;
				CODE_SIGN_STYLE = Automatic;
				INFOPLIST_FILE = collectionview/Info.plist;
				LD_RUNPATH_SEARCH_PATHS = (
					"$(inherited)",
					"@executable_path/Frameworks",
				);
				PRODUCT_BUNDLE_IDENTIFIER = com.pooja.ibm.collectionview;
				PRODUCT_NAME = "$(TARGET_NAME)";
				SWIFT_VERSION = 5.0;
				TARGETED_DEVICE_FAMILY = "1,2";
			};
			name = Release;
		};
/* End XCBuildConfiguration section */

/* Begin XCConfigurationList section */
		9DDEC9E624D20981007A37CE /* Build configuration list for PBXProject "collectionview" */ = {
			isa = XCConfigurationList;
			buildConfigurations = (
				9DDEC9FD24D20984007A37CE /* Debug */,
				9DDEC9FE24D20984007A37CE /* Release */,
			);
			defaultConfigurationIsVisible = 0;
			defaultConfigurationName = Release;
		};
		9DDEC9FF24D20984007A37CE /* Build configuration list for PBXNativeTarget "collectionview" */ = {
			isa = XCConfigurationList;
			buildConfigurations = (
				9DDECA0024D20984007A37CE /* Debug */,
				9DDECA0124D20984007A37CE /* Release */,
			);
			defaultConfigurationIsVisible = 0;
			defaultConfigurationName = Release;
		};
/* End XCConfigurationList section */
	};
	rootObject = 9DDEC9E324D20981007A37CE /* Project object */;
}
